<?xml version="1.0" encoding="utf-8"?>
<Project ToolsVersion="4.0" xmlns="http://schemas.microsoft.com/developer/msbuild/2003">
  <ItemGroup>
    <Filter Include="Source Files">
      <UniqueIdentifier>{c3a35ea6-ca36-40cc-8718-d1f161f20110}</UniqueIdentifier>
      <Extensions>cpp;c;cxx;rc;def;r;odl;idl;hpj;bat</Extensions>
    </Filter>
    <Filter Include="Header Files">
      <UniqueIdentifier>{e0f3eb64-fd74-46fc-9d55-b58df4741168}</UniqueIdentifier>
      <Extensions>h;hpp;hxx;hm;inl</Extensions>
    </Filter>
    <Filter Include="Resource Files">
      <UniqueIdentifier>{5e098336-883c-479f-b178-1a473b3f2517}</UniqueIdentifier>
      <Extensions>ico;cur;bmp;dlg;rc2;rct;bin;rgs;gif;jpg;jpeg;jpe</Extensions>
    </Filter>
  </ItemGroup>
  <ItemGroup>
    <ClCompile Include="bookmark.cpp">
      <Filter>Source Files</Filter>
    </ClCompile>
    <ClCompile Include="buffer.cpp">
      <Filter>Source Files</Filter>
    </ClCompile>
    <ClCompile Include="cedit.cpp">
      <Filter>Source Files</Filter>
    </ClCompile>
    <ClCompile Include="ceditmsg.cpp">
      <Filter>Source Files</Filter>
    </ClCompile>
    <ClCompile Include="cmdarry.cpp">
      <Filter>Source Files</Filter>
    </ClCompile>
    <ClCompile Include="CodeListCtrl.cpp">
      <Filter>Source Files</Filter>
    </ClCompile>
    <ClCompile Include="CodeTipCtrl.cpp">
      <Filter>Source Files</Filter>
    </ClCompile>
    <ClCompile Include="CodeTipFuncHighlightCtrl.cpp">
      <Filter>Source Files</Filter>
    </ClCompile>
    <ClCompile Include="CodeTipHighlightCtrl.cpp">
      <Filter>Source Files</Filter>
    </ClCompile>
    <ClCompile Include="CodeTipMultiFuncCtrl.cpp">
      <Filter>Source Files</Filter>
    </ClCompile>
    <ClCompile Include="debug.cpp">
      <Filter>Source Files</Filter>
    </ClCompile>
    <ClCompile Include="dragdrop.cpp">
      <Filter>Source Files</Filter>
    </ClCompile>
    <ClCompile Include="editcmd1.cpp">
      <Filter>Source Files</Filter>
    </ClCompile>
    <ClCompile Include="editdlgs.cpp">
      <Filter>Source Files</Filter>
    </ClCompile>
    <ClCompile Include="editsel.cpp">
      <Filter>Source Files</Filter>
    </ClCompile>
    <ClCompile Include="editview.cpp">
      <Filter>Source Files</Filter>
    </ClCompile>
    <ClCompile Include="exports.cpp">
      <Filter>Source Files</Filter>
    </ClCompile>
    <ClCompile Include="findrepl.cpp">
      <Filter>Source Files</Filter>
    </ClCompile>
    <ClCompile Include="hkeyctrl.cpp">
      <Filter>Source Files</Filter>
    </ClCompile>
    <ClCompile Include="hotkey.cpp">
      <Filter>Source Files</Filter>
    </ClCompile>
    <ClCompile Include="language.cpp">
      <Filter>Source Files</Filter>
    </ClCompile>
    <ClCompile Include="line.cpp">
      <Filter>Source Files</Filter>
    </ClCompile>
    <ClCompile Include="macro.cpp">
      <Filter>Source Files</Filter>
    </ClCompile>
    <ClCompile Include="misc.cpp">
      <Filter>Source Files</Filter>
    </ClCompile>
    <ClCompile Include="msgpump.cpp">
      <Filter>Source Files</Filter>
    </ClCompile>
    <ClCompile Include="precomp.cpp">
      <Filter>Source Files</Filter>
    </ClCompile>
    <ClCompile Include="print.cpp">
      <Filter>Source Files</Filter>
    </ClCompile>
    <ClCompile Include="props.cpp">
      <Filter>Source Files</Filter>
    </ClCompile>
    <ClCompile Include="regexp.cpp">
      <Filter>Source Files</Filter>
    </ClCompile>
    <ClCompile Include="selftest.cpp">
      <Filter>Source Files</Filter>
    </ClCompile>
    <ClCompile Include="splitter.cpp">
      <Filter>Source Files</Filter>
    </ClCompile>
    <ClCompile Include="syntax.cpp">
      <Filter>Source Files</Filter>
    </ClCompile>
    <ClCompile Include="undo.cpp">
      <Filter>Source Files</Filter>
    </ClCompile>
    <ClCompile Include="Wnd.cpp">
      <Filter>Source Files</Filter>
    </ClCompile>
  </ItemGroup>
  <ItemGroup>
    <None Include="Wnd.inl">
      <Filter>Header Files</Filter>
    </None>
    <None Include="codemax.rc2">
      <Filter>Resource Files</Filter>
    </None>
    <None Include="res\cursor1.cur">
      <Filter>Resource Files</Filter>
    </None>
    <None Include="res\HSPLIT.CUR">
      <Filter>Resource Files</Filter>
    </None>
    <None Include="res\HVSPLIT.CUR">
      <Filter>Resource Files</Filter>
    </None>
    <None Include="res\LEFTMARG.CUR">
      <Filter>Resource Files</Filter>
    </None>
    <None Include="res\RECMACRO.CUR">
      <Filter>Resource Files</Filter>
    </None>
    <None Include="res\VSPLIT.CUR">
      <Filter>Resource Files</Filter>
    </None>
  </ItemGroup>
  <ItemGroup>
    <ClInclude Include="buffer.h">
      <Filter>Header Files</Filter>
    </ClInclude>
    <ClInclude Include="CEDIT.H">
      <Filter>Header Files</Filter>
    </ClInclude>
    <ClInclude Include="..\include\CMAXAFX.H">
      <Filter>Header Files</Filter>
    </ClInclude>
    <ClInclude Include="CodeListCtrl.h">
      <Filter>Header Files</Filter>
    </ClInclude>
    <ClInclude Include="..\include\codemax.h">
      <Filter>Header Files</Filter>
    </ClInclude>
    <ClInclude Include="CodeTipCtrl.h">
      <Filter>Header Files</Filter>
    </ClInclude>
    <ClInclude Include="CodeTipFuncHighlightCtrl.h">
      <Filter>Header Files</Filter>
    </ClInclude>
    <ClInclude Include="CodeTipHighlightCtrl.h">
      <Filter>Header Files</Filter>
    </ClInclude>
    <ClInclude Include="CodeTipMultiFuncCtrl.h">
      <Filter>Header Files</Filter>
    </ClInclude>
    <ClInclude Include="DEBUG.H">
      <Filter>Header Files</Filter>
    </ClInclude>
    <ClInclude Include="DispatchWnd.h">
      <Filter>Header Files</Filter>
    </ClInclude>
    <ClInclude Include="DRAGDROP.H">
      <Filter>Header Files</Filter>
    </ClInclude>
    <ClInclude Include="EDITDLGS.H">
      <Filter>Header Files</Filter>
    </ClInclude>
    <ClInclude Include="EDITSEL.H">
      <Filter>Header Files</Filter>
    </ClInclude>
    <ClInclude Include="EDITVIEW.H">
      <Filter>Header Files</Filter>
    </ClInclude>
    <ClInclude Include="HKEYCTRL.H">
      <Filter>Header Files</Filter>
    </ClInclude>
    <ClInclude Include="MISC.H">
      <Filter>Header Files</Filter>
    </ClInclude>
    <ClInclude Include="PRECOMP.H">
      <Filter>Header Files</Filter>
    </ClInclude>
    <ClInclude Include="Rect.h">
      <Filter>Header Files</Filter>
    </ClInclude>
    <ClInclude Include="RegClassList.h">
      <Filter>Header Files</Filter>
    </ClInclude>
    <ClInclude Include="regexp.h">
      <Filter>Header Files</Filter>
    </ClInclude>
    <ClInclude Include="resource.h">
      <Filter>Header Files</Filter>
    </ClInclude>
    <ClInclude Include="resource2.h">
      <Filter>Header Files</Filter>
    </ClInclude>
    <ClInclude Include="UNDO.H">
      <Filter>Header Files</Filter>
    </ClInclude>
    <ClInclude Include="Wnd.h">
      <Filter>Header Files</Filter>
    </ClInclude>
  </ItemGroup>
  <ItemGroup>
    <Image Include="res\btn_left.ico">
      <Filter>Resource Files</Filter>
    </Image>
    <Image Include="res\btn_right.ico">
      <Filter>Resource Files</Filter>
    </Image>
    <Image Include="res\ENDMREC.BMP">
      <Filter>Resource Files</Filter>
    </Image>
    <Image Include="res\TOOLBOX.BMP">
      <Filter>Resource Files</Filter>
    </Image>
  </ItemGroup>
  <ItemGroup>
    <ResourceCompile Include="codemax.rc">
      <Filter>Resource Files</Filter>
    </ResourceCompile>
  </ItemGroup>
  <ItemGroup>
    <CustomBuild Include="codemax.def">
      <Filter>Source Files</Filter>
    </CustomBuild>
  </ItemGroup>
</Project>